
Microsoft Visual Studio Solution File, Format Version 12.00
# Visual Studio 2013
VisualStudioVersion = 12.0.40629.0
MinimumVisualStudioVersion = 10.0.40219.1
Project("{FAE04EC0-301F-11D3-BF4B-00C04F79EFBC}") = "Slack.ServiceLibrary", "Slack.ServiceLibrary\Slack.ServiceLibrary.csproj", "{9B56961A-DE39-44F3-BED2-AC5F0F2E35FD}"
EndProject
Project("{FAE04EC0-301F-11D3-BF4B-00C04F79EFBC}") = "Slack.ServiceLibrary.IntegrationTests", "Slack.ServiceLibrary.IntegrationTests\Slack.ServiceLibrary.IntegrationTests.csproj", "{9C945FCE-F453-40E6-BEE6-B61430E01511}"
EndProject
Global
	GlobalSection(SolutionConfigurationPlatforms) = preSolution
		Debug|Any CPU = Debug|Any CPU
		Release|Any CPU = Release|Any CPU
	EndGlobalSection
	GlobalSection(ProjectConfigurationPlatforms) = postSolution
		{9B56961A-DE39-44F3-BED2-AC5F0F2E35FD}.Debug|Any CPU.ActiveCfg = Debug|Any CPU
		{9B56961A-DE39-44F3-BED2-AC5F0F2E35FD}.Debug|Any CPU.Build.0 = Debug|Any CPU
		{9B56961A-DE39-44F3-BED2-AC5F0F2E35FD}.Release|Any CPU.ActiveCfg = Release|Any CPU
		{9B56961A-DE39-44F3-BED2-AC5F0F2E35FD}.Release|Any CPU.Build.0 = Release|Any CPU
		{9C945FCE-F453-40E6-BEE6-B61430E01511}.Debug|Any CPU.ActiveCfg = Debug|Any CPU
		{9C945FCE-F453-40E6-BEE6-B61430E01511}.Debug|Any CPU.Build.0 = Debug|Any CPU
		{9C945FCE-F453-40E6-BEE6-B61430E01511}.Release|Any CPU.ActiveCfg = Release|Any CPU
		{9C945FCE-F453-40E6-BEE6-B61430E01511}.Release|Any CPU.Build.0 = Release|Any CPU
	EndGlobalSection
	GlobalSection(SolutionProperties) = preSolution
		HideSolutionNode = FALSE
	EndGlobalSection
EndGlobal
